
Microsoft Visual Studio Solution File, Format Version 12.00
# Visual Studio Version 16
VisualStudioVersion = 16.0.29709.97
MinimumVisualStudioVersion = 10.0.40219.1
Project("{FAE04EC0-301F-11D3-BF4B-00C04F79EFBC}") = "FabFinancas", "FabFinancas\FabFinancas.csproj", "{7BDDB280-F034-40D8-B87A-876EF56B0D64}"
EndProject
Global
	GlobalSection(SolutionConfigurationPlatforms) = preSolution
		Debug|Any CPU = Debug|Any CPU
		Release|Any CPU = Release|Any CPU
	EndGlobalSection
	GlobalSection(ProjectConfigurationPlatforms) = postSolution
		{7BDDB280-F034-40D8-B87A-876EF56B0D64}.Debug|Any CPU.ActiveCfg = Debug|Any CPU
		{7BDDB280-F034-40D8-B87A-876EF56B0D64}.Debug|Any CPU.Build.0 = Debug|Any CPU
		{7BDDB280-F034-40D8-B87A-876EF56B0D64}.Release|Any CPU.ActiveCfg = Release|Any CPU
		{7BDDB280-F034-40D8-B87A-876EF56B0D64}.Release|Any CPU.Build.0 = Release|Any CPU
	EndGlobalSection
	GlobalSection(SolutionProperties) = preSolution
		HideSolutionNode = FALSE
	EndGlobalSection
	GlobalSection(ExtensibilityGlobals) = postSolution
		SolutionGuid = {FACD910C-CA8E-4731-BBB4-83442AB844BD}
	EndGlobalSection
EndGlobal
